lockfileVersion: 5.4

specifiers:
  '@types/passport-steam': ^1.0.1
  passport-steam: ^1.0.17
  rxjs: ^7.8.0

dependencies:
  passport-steam: 1.0.17
  rxjs: 7.8.0

devDependencies:
  '@types/passport-steam': 1.0.1

packages:

  /@passport-next/passport-openid/1.0.0:
    resolution: {integrity: sha512-W9uj4Ui/ZK/iBUNzSNxPWDQ8wCD1tUddGEVSGm0FN0B7ewo3yBQLGMoW3i3UqcwEzxdyGbAj06ohAhNQIXC4VA==}
    engines: {node: '>=6'}
    dependencies:
      '@passport-next/passport-strategy': 1.1.0
      openid: 2.0.10
    transitivePeerDependencies:
      - debug
    dev: false

  /@passport-next/passport-strategy/1.1.0:
    resolution: {integrity: sha512-2KhFjtPueJG6xVj2HnqXt9BlANOfYCVLyu+pXYjPGBDT8yk+vQwc/6tsceIj+mayKcoxMau2JimggXRPHgoc8w==}
    engines: {node: '>= 6.0.0'}
    dev: false

  /@types/passport-steam/1.0.1:
    resolution: {integrity: sha512-dgqJLk0SxquRE8rbF3FLVtkCUvGqKdzSeLmeVQ3SQlzCSiiT0UnA9oJz8fFjUjZ/j673SvzYkRLQ1OKP7oA0XQ==}
    dev: true

  /axios/0.21.4:
    resolution: {integrity: sha512-ut5vewkiu8jjGBdqpM44XxjuCjq9LAKeHVmoVfHVzy8eHgxxq8SbAVQNovDA8mVi05kP0Ea/n/UzcSHcTJQfNg==}
    dependencies:
      follow-redirects: 1.15.2
    transitivePeerDependencies:
      - debug
    dev: false

  /call-bind/1.0.2:
    resolution: {integrity: sha512-7O+FbCihrB5WGbFYesctwmTKae6rOiIzmz1icreWJ+0aA7LJfuqhEso2T9ncpcFtzMQtzXf2QGGueWJGTYsqrA==}
    dependencies:
      function-bind: 1.1.1
      get-intrinsic: 1.2.0
    dev: false

  /follow-redirects/1.15.2:
    resolution: {integrity: sha512-VQLG33o04KaQ8uYi2tVNbdrWp1QWxNNea+nmIB4EVM28v0hmP17z7aG1+wAkNzVq4KeXTq3221ye5qTJP91JwA==}
    engines: {node: '>=4.0'}
    peerDependencies:
      debug: '*'
    peerDependenciesMeta:
      debug:
        optional: true
    dev: false

  /function-bind/1.1.1:
    resolution: {integrity: sha512-yIovAzMX49sF8Yl58fSCWJ5svSLuaibPxXQJFLmBObTuCr0Mf1KiPopGM9NiFjiYBCbfaa2Fh6breQ6ANVTI0A==}
    dev: false

  /get-intrinsic/1.2.0:
    resolution: {integrity: sha512-L049y6nFOuom5wGyRc3/gdTLO94dySVKRACj1RmJZBQXlbTMhtNIgkWkUHq+jYmZvKf14EW1EoJnnjbmoHij0Q==}
    dependencies:
      function-bind: 1.1.1
      has: 1.0.3
      has-symbols: 1.0.3
    dev: false

  /has-symbols/1.0.3:
    resolution: {integrity: sha512-l3LCuF6MgDNwTDKkdYGEihYjt5pRPbEg46rtlmnSPlUbgmB8LOIrKJbYYFBSbnPaJexMKtiPO8hmeRjRz2Td+A==}
    engines: {node: '>= 0.4'}
    dev: false

  /has/1.0.3:
    resolution: {integrity: sha512-f2dvO0VU6Oej7RkWJGrehjbzMAjFp5/VKPp5tTpWIV4JHHZK1/BxbFRtf/siA2SWTe09caDmVtYYzWEIbBS4zw==}
    engines: {node: '>= 0.4.0'}
    dependencies:
      function-bind: 1.1.1
    dev: false

  /object-inspect/1.12.3:
    resolution: {integrity: sha512-geUvdk7c+eizMNUDkRpW1wJwgfOiOeHbxBR/hLXK1aT6zmVSO0jsQcs7fj6MGw89jC/cjGfLcNOrtMYtGqm81g==}
    dev: false

  /openid/2.0.10:
    resolution: {integrity: sha512-EFTQ61/OUVhCeq78Y3rBpdKSuvgb0lwkU8nN4QTdcv0afc5MT7e4IVuZwgkMsgE993dmhbIhkxHFP3iTVJXWmw==}
    engines: {node: '>= 0.6.0'}
    dependencies:
      axios: 0.21.4
      qs: 6.11.1
    transitivePeerDependencies:
      - debug
    dev: false

  /passport-steam/1.0.17:
    resolution: {integrity: sha512-aolIlooF5hZwp1GAaoK3d8einOGLeDDauQEmrb1jtEFrNYP2lC6WS5hVeUdP4rPfZiBHwY60lHcQksCKiSgnlA==}
    engines: {node: '>= 0.4.0'}
    dependencies:
      '@passport-next/passport-openid': 1.0.0
      steam-web: 0.4.0
    transitivePeerDependencies:
      - debug
    dev: false

  /qs/6.11.1:
    resolution: {integrity: sha512-0wsrzgTz/kAVIeuxSjnpGC56rzYtr6JT/2BwEvMaPhFIoYa1aGO8LbzuU1R0uUYQkLpWBTOj0l/CLAJB64J6nQ==}
    engines: {node: '>=0.6'}
    dependencies:
      side-channel: 1.0.4
    dev: false

  /rxjs/7.8.0:
    resolution: {integrity: sha512-F2+gxDshqmIub1KdvZkaEfGDwLNpPvk9Fs6LD/MyQxNgMds/WH9OdDDXOmxUZpME+iSK3rQCctkL0DYyytUqMg==}
    dependencies:
      tslib: 2.5.0
    dev: false

  /side-channel/1.0.4:
    resolution: {integrity: sha512-q5XPytqFEIKHkGdiMIrY10mvLRvnQh42/+GoBlFW3b2LXLE2xxJpZFdm94we0BaoV3RwJyGqg5wS7epxTv0Zvw==}
    dependencies:
      call-bind: 1.0.2
      get-intrinsic: 1.2.0
      object-inspect: 1.12.3
    dev: false

  /steam-web/0.4.0:
    resolution: {integrity: sha512-FgSYhL7GaP4Va5JKT09yZ+WrTZttFtLwenIPuZd7GUA1z3W7vu7qqPT/qTC76Pd9+sf85txMgIPr/y0+3gNlUA==}
    engines: {'0': node >= 0.4.0}
    dependencies:
      qs: 6.11.1
    dev: false

  /tslib/2.5.0:
    resolution: {integrity: sha512-336iVw3rtn2BUK7ORdIAHTyxHGRIHVReokCR3XjbckJMK7ms8FysBfhLR8IXnAgy7T0PTPNBWKiH514FOW/WSg==}
    dev: false
